# This file was autogenerated by Stack.
# You should not edit this file by hand.
# For more information, please see the documentation at:
#   https://docs.haskellstack.org/en/stable/lock_files

packages:
- completed:
    hackage: numeric-tools-0.2.0.1@sha256:dbf0191b3495570694b32a3c6f336da427008c550ea8753b5ca485af8bcf2985,1894
    pantry-tree:
      size: 851
      sha256: e4f96ece284c5954a73bb8ea9c22b9efb39e7da5fdd68e415b20d9f1d43dc43c
  original:
    hackage: numeric-tools-0.2.0.1
snapshots:
- completed:
    size: 531707
    url: https://raw.githubusercontent.com/commercialhaskell/stackage-snapshots/master/lts/16/5.yaml
    sha256: 9751e25e0af5713a53ddcfcc79564b082c71b1b357fadef0d85672a5b5ba3703
  original: lts-16.5
